
Microsoft Visual Studio Solution File, Format Version 12.00
# Visual Studio Version 17
VisualStudioVersion = 17.3.32901.215
MinimumVisualStudioVersion = 10.0.40219.1
Project("{FAE04EC0-301F-11D3-BF4B-00C04F79EFBC}") = "TCPclient", "TCPclient\TCPclient.csproj", "{AE4C8057-6670-47C2-8B79-949D8D7F96EF}"
EndProject
Project("{FAE04EC0-301F-11D3-BF4B-00C04F79EFBC}") = "TCPserver", "TCPserver\TCPserver.csproj", "{8B48068F-83BF-464A-95D0-139A02349723}"
EndProject
Global
	GlobalSection(SolutionConfigurationPlatforms) = preSolution
		Debug|Any CPU = Debug|Any CPU
		Release|Any CPU = Release|Any CPU
	EndGlobalSection
	GlobalSection(ProjectConfigurationPlatforms) = postSolution
		{AE4C8057-6670-47C2-8B79-949D8D7F96EF}.Debug|Any CPU.ActiveCfg = Debug|Any CPU
		{AE4C8057-6670-47C2-8B79-949D8D7F96EF}.Debug|Any CPU.Build.0 = Debug|Any CPU
		{AE4C8057-6670-47C2-8B79-949D8D7F96EF}.Release|Any CPU.ActiveCfg = Release|Any CPU
		{AE4C8057-6670-47C2-8B79-949D8D7F96EF}.Release|Any CPU.Build.0 = Release|Any CPU
		{8B48068F-83BF-464A-95D0-139A02349723}.Debug|Any CPU.ActiveCfg = Debug|Any CPU
		{8B48068F-83BF-464A-95D0-139A02349723}.Debug|Any CPU.Build.0 = Debug|Any CPU
		{8B48068F-83BF-464A-95D0-139A02349723}.Release|Any CPU.ActiveCfg = Release|Any CPU
		{8B48068F-83BF-464A-95D0-139A02349723}.Release|Any CPU.Build.0 = Release|Any CPU
	EndGlobalSection
	GlobalSection(SolutionProperties) = preSolution
		HideSolutionNode = FALSE
	EndGlobalSection
	GlobalSection(ExtensibilityGlobals) = postSolution
		SolutionGuid = {F87B9E21-2414-4429-8553-FE82759697F5}
	EndGlobalSection
EndGlobal
